
Microsoft Visual Studio Solution File, Format Version 11.00
# Visual Studio 2010
Project("{8BC9CEB8-8B4A-11D0-8D11-00A0C91BC942}") = "basketball", "basketball\basketball.vcxproj", "{44677388-2C5D-434E-83B9-09CC66483E03}"
EndProject
Global
	GlobalSection(SolutionConfigurationPlatforms) = preSolution
		Debug|Win32 = Debug|Win32
		Release|Win32 = Release|Win32
	EndGlobalSection
	GlobalSection(ProjectConfigurationPlatforms) = postSolution
		{44677388-2C5D-434E-83B9-09CC66483E03}.Debug|Win32.ActiveCfg = Debug|Win32
		{44677388-2C5D-434E-83B9-09CC66483E03}.Debug|Win32.Build.0 = Debug|Win32
		{44677388-2C5D-434E-83B9-09CC66483E03}.Release|Win32.ActiveCfg = Release|Win32
		{44677388-2C5D-434E-83B9-09CC66483E03}.Release|Win32.Build.0 = Release|Win32
	EndGlobalSection
	GlobalSection(SolutionProperties) = preSolution
		HideSolutionNode = FALSE
	EndGlobalSection
EndGlobal
